
Microsoft Visual Studio Solution File, Format Version 12.00
# Visual Studio 15
VisualStudioVersion = 15.0.28307.1525
MinimumVisualStudioVersion = 10.0.40219.1
Project("{FAE04EC0-301F-11D3-BF4B-00C04F79EFBC}") = "MGconsultores", "MGconsultores\MGconsultores.csproj", "{C307C1C3-9AC2-44F7-863F-70C8E91F118D}"
EndProject
Global
	GlobalSection(SolutionConfigurationPlatforms) = preSolution
		Debug|Any CPU = Debug|Any CPU
		Release|Any CPU = Release|Any CPU
	EndGlobalSection
	GlobalSection(ProjectConfigurationPlatforms) = postSolution
		{C307C1C3-9AC2-44F7-863F-70C8E91F118D}.Debug|Any CPU.ActiveCfg = Debug|Any CPU
		{C307C1C3-9AC2-44F7-863F-70C8E91F118D}.Debug|Any CPU.Build.0 = Debug|Any CPU
		{C307C1C3-9AC2-44F7-863F-70C8E91F118D}.Release|Any CPU.ActiveCfg = Release|Any CPU
		{C307C1C3-9AC2-44F7-863F-70C8E91F118D}.Release|Any CPU.Build.0 = Release|Any CPU
	EndGlobalSection
	GlobalSection(SolutionProperties) = preSolution
		HideSolutionNode = FALSE
	EndGlobalSection
	GlobalSection(ExtensibilityGlobals) = postSolution
		SolutionGuid = {EA429DA1-C7A6-438A-A5F2-5854922EA659}
	EndGlobalSection
EndGlobal
